
Microsoft Visual Studio Solution File, Format Version 12.00
# Visual Studio Version 16
VisualStudioVersion = 16.0.29609.76
MinimumVisualStudioVersion = 10.0.40219.1
Project("{FAE04EC0-301F-11D3-BF4B-00C04F79EFBC}") = "NetRadioPlayer.Device", "NetRadioPlayer.Device.csproj", "{917618A8-2DD8-4C7E-AE18-13B435389CB7}"
EndProject
Global
	GlobalSection(SolutionConfigurationPlatforms) = preSolution
		Debug|Any CPU = Debug|Any CPU
		Release|Any CPU = Release|Any CPU
	EndGlobalSection
	GlobalSection(ProjectConfigurationPlatforms) = postSolution
		{917618A8-2DD8-4C7E-AE18-13B435389CB7}.Debug|Any CPU.ActiveCfg = Debug|Any CPU
		{917618A8-2DD8-4C7E-AE18-13B435389CB7}.Debug|Any CPU.Build.0 = Debug|Any CPU
		{917618A8-2DD8-4C7E-AE18-13B435389CB7}.Release|Any CPU.ActiveCfg = Release|Any CPU
		{917618A8-2DD8-4C7E-AE18-13B435389CB7}.Release|Any CPU.Build.0 = Release|Any CPU
	EndGlobalSection
	GlobalSection(SolutionProperties) = preSolution
		HideSolutionNode = FALSE
	EndGlobalSection
	GlobalSection(ExtensibilityGlobals) = postSolution
		SolutionGuid = {46B41B76-D441-4DE7-B6B9-4836E7D2215C}
	EndGlobalSection
EndGlobal
